// !$*UTF8*$!
{
	archiveVersion = 1;
	classes = {
	};
	objectVersion = 46;
	objects = {

/* Begin PBXBuildFile section */
		C095C6C525B1C2C9FC7A3052 /* Pods_iOS_ScienceCore.framework in Frameworks */ = {isa = PBXBuildFile; fileRef = E2D75F2C911713529165FCE0 /* Pods_iOS_ScienceCore.framework */; };
		C34E6F702571B55C00FCB6B3 /* Project.swift in Sources */ = {isa = PBXBuildFile; fileRef = C34E6F6F2571B55C00FCB6B3 /* Project.swift */; };
		C34E6F742571C31C00FCB6B3 /* FirebaseRef.swift in Sources */ = {isa = PBXBuildFile; fileRef = C34E6F732571C31C00FCB6B3 /* FirebaseRef.swift */; };
		C34E6F772571C5BC00FCB6B3 /* UserParser.swift in Sources */ = {isa = PBXBuildFile; fileRef = C34E6F762571C5BC00FCB6B3 /* UserParser.swift */; };
		C34E6F7A2571CEB600FCB6B3 /* ProfileModel.swift in Sources */ = {isa = PBXBuildFile; fileRef = C34E6F792571CEB600FCB6B3 /* ProfileModel.swift */; };
		C34E6F812571CF5200FCB6B3 /* Sample.swift in Sources */ = {isa = PBXBuildFile; fileRef = C34E6F802571CF5200FCB6B3 /* Sample.swift */; };
		C34E6F842572023900FCB6B3 /* UsersCollectionViewCell.swift in Sources */ = {isa = PBXBuildFile; fileRef = C34E6F832572023900FCB6B3 /* UsersCollectionViewCell.swift */; };
		C34E6F8F25728EC900FCB6B3 /* CreationModel.swift in Sources */ = {isa = PBXBuildFile; fileRef = C34E6F8E25728EC900FCB6B3 /* CreationModel.swift */; };
		C34E6F932572D35A00FCB6B3 /* AbstractViewController.swift in Sources */ = {isa = PBXBuildFile; fileRef = C34E6F922572D35A00FCB6B3 /* AbstractViewController.swift */; };
		C34E6F962572E50000FCB6B3 /* AbstractModel.swift in Sources */ = {isa = PBXBuildFile; fileRef = C34E6F952572E50000FCB6B3 /* AbstractModel.swift */; };
		C34E6F992573215F00FCB6B3 /* train_filtered.csv in Resources */ = {isa = PBXBuildFile; fileRef = C34E6F982573215F00FCB6B3 /* train_filtered.csv */; };
		C3D4D6E5257154D00025C9FF /* ProjectViewController.swift in Sources */ = {isa = PBXBuildFile; fileRef = C3D4D6E4257154D00025C9FF /* ProjectViewController.swift */; };
		C3D4D6E8257155340025C9FF /* EventsViewController.swift in Sources */ = {isa = PBXBuildFile; fileRef = C3D4D6E7257155340025C9FF /* EventsViewController.swift */; };
		C3D4D6EB257155AD0025C9FF /* CreationViewController.swift in Sources */ = {isa = PBXBuildFile; fileRef = C3D4D6EA257155AD0025C9FF /* CreationViewController.swift */; };
		C3D4D6EE257155E50025C9FF /* UsersViewController.swift in Sources */ = {isa = PBXBuildFile; fileRef = C3D4D6ED257155E50025C9FF /* UsersViewController.swift */; };
		C3D4D6F1257156200025C9FF /* ProfileViewController.swift in Sources */ = {isa = PBXBuildFile; fileRef = C3D4D6F0257156200025C9FF /* ProfileViewController.swift */; };
		C3D4D6F625715D890025C9FF /* UsersModel.swift in Sources */ = {isa = PBXBuildFile; fileRef = C3D4D6F525715D890025C9FF /* UsersModel.swift */; };
		C3D4D6F925715DAA0025C9FF /* User.swift in Sources */ = {isa = PBXBuildFile; fileRef = C3D4D6F825715DAA0025C9FF /* User.swift */; };
		C3D4D6FC2571B2000025C9FF /* GoogleService-Info.plist in Resources */ = {isa = PBXBuildFile; fileRef = C3D4D6FB2571B2000025C9FF /* GoogleService-Info.plist */; };
		D91FC12C837AA4296C05214B /* Assets.xcassets in Resources */ = {isa = PBXBuildFile; fileRef = D91FC239EE68CD35917633F0 /* Assets.xcassets */; };
		D91FC1A631803EE4707C2434 /* AppDelegate.swift in Sources */ = {isa = PBXBuildFile; fileRef = D91FCE553CE7385C2D85BBC7 /* AppDelegate.swift */; };
		D91FC49BCB7F9B4157794810 /* ViewController.swift in Sources */ = {isa = PBXBuildFile; fileRef = D91FCDB88B36119C9E1D1892 /* ViewController.swift */; };
		D91FC8D757AA2CDA357B9556 /* LaunchScreen.storyboard in Resources */ = {isa = PBXBuildFile; fileRef = D91FC4FFE38F9CC763A4F2CD /* LaunchScreen.storyboard */; };
		D91FCB7F2638341EEE136F85 /* Main.storyboard in Resources */ = {isa = PBXBuildFile; fileRef = D91FC42BFFA74BAA4AE12B9F /* Main.storyboard */; };
		D91FCF052653B55400EC7CB9 /* SceneDelegate.swift in Sources */ = {isa = PBXBuildFile; fileRef = D91FCFF37BD6ADD77E409424 /* SceneDelegate.swift */; };
/* End PBXBuildFile section */

/* Begin PBXFileReference section */
		35477F91AC48D13F676E9A5C /* Pods-iOS_ScienceCore.debug.xcconfig */ = {isa = PBXFileReference; includeInIndex = 1; lastKnownFileType = text.xcconfig; name = "Pods-iOS_ScienceCore.debug.xcconfig"; path = "Target Support Files/Pods-iOS_ScienceCore/Pods-iOS_ScienceCore.debug.xcconfig"; sourceTree = "<group>"; };
		B49A58ABCFC1DD739693B738 /* Pods-iOS_ScienceCore.release.xcconfig */ = {isa = PBXFileReference; includeInIndex = 1; lastKnownFileType = text.xcconfig; name = "Pods-iOS_ScienceCore.release.xcconfig"; path = "Target Support Files/Pods-iOS_ScienceCore/Pods-iOS_ScienceCore.release.xcconfig"; sourceTree = "<group>"; };
		C34E6F6F2571B55C00FCB6B3 /* Project.swift */ = {isa = PBXFileReference; lastKnownFileType = sourcecode.swift; path = Project.swift; sourceTree = "<group>"; };
		C34E6F732571C31C00FCB6B3 /* FirebaseRef.swift */ = {isa = PBXFileReference; lastKnownFileType = sourcecode.swift; path = FirebaseRef.swift; sourceTree = "<group>"; };
		C34E6F762571C5BC00FCB6B3 /* UserParser.swift */ = {isa = PBXFileReference; lastKnownFileType = sourcecode.swift; path = UserParser.swift; sourceTree = "<group>"; };
		C34E6F792571CEB600FCB6B3 /* ProfileModel.swift */ = {isa = PBXFileReference; lastKnownFileType = sourcecode.swift; path = ProfileModel.swift; sourceTree = "<group>"; };
		C34E6F802571CF5200FCB6B3 /* Sample.swift */ = {isa = PBXFileReference; lastKnownFileType = sourcecode.swift; path = Sample.swift; sourceTree = "<group>"; };
		C34E6F832572023900FCB6B3 /* UsersCollectionViewCell.swift */ = {isa = PBXFileReference; lastKnownFileType = sourcecode.swift; path = UsersCollectionViewCell.swift; sourceTree = "<group>"; };
		C34E6F8E25728EC900FCB6B3 /* CreationModel.swift */ = {isa = PBXFileReference; lastKnownFileType = sourcecode.swift; path = CreationModel.swift; sourceTree = "<group>"; };
		C34E6F922572D35A00FCB6B3 /* AbstractViewController.swift */ = {isa = PBXFileReference; lastKnownFileType = sourcecode.swift; path = AbstractViewController.swift; sourceTree = "<group>"; };
		C34E6F952572E50000FCB6B3 /* AbstractModel.swift */ = {isa = PBXFileReference; lastKnownFileType = sourcecode.swift; path = AbstractModel.swift; sourceTree = "<group>"; };
		C34E6F982573215F00FCB6B3 /* train_filtered.csv */ = {isa = PBXFileReference; fileEncoding = 4; lastKnownFileType = text; path = train_filtered.csv; sourceTree = "<group>"; };
		C3D4D6E4257154D00025C9FF /* ProjectViewController.swift */ = {isa = PBXFileReference; lastKnownFileType = sourcecode.swift; path = ProjectViewController.swift; sourceTree = "<group>"; };
		C3D4D6E7257155340025C9FF /* EventsViewController.swift */ = {isa = PBXFileReference; lastKnownFileType = sourcecode.swift; path = EventsViewController.swift; sourceTree = "<group>"; };
		C3D4D6EA257155AD0025C9FF /* CreationViewController.swift */ = {isa = PBXFileReference; lastKnownFileType = sourcecode.swift; path = CreationViewController.swift; sourceTree = "<group>"; };
		C3D4D6ED257155E50025C9FF /* UsersViewController.swift */ = {isa = PBXFileReference; lastKnownFileType = sourcecode.swift; path = UsersViewController.swift; sourceTree = "<group>"; };
		C3D4D6F0257156200025C9FF /* ProfileViewController.swift */ = {isa = PBXFileReference; lastKnownFileType = sourcecode.swift; path = ProfileViewController.swift; sourceTree = "<group>"; };
		C3D4D6F525715D890025C9FF /* UsersModel.swift */ = {isa = PBXFileReference; lastKnownFileType = sourcecode.swift; path = UsersModel.swift; sourceTree = "<group>"; };
		C3D4D6F825715DAA0025C9FF /* User.swift */ = {isa = PBXFileReference; lastKnownFileType = sourcecode.swift; path = User.swift; sourceTree = "<group>"; };
		C3D4D6FB2571B2000025C9FF /* GoogleService-Info.plist */ = {isa = PBXFileReference; fileEncoding = 4; lastKnownFileType = text.plist.xml; path = "GoogleService-Info.plist"; sourceTree = "<group>"; };
		D91FC11530705A31AD0A02F7 /* Base */ = {isa = PBXFileReference; lastKnownFileType = file.storyboard; name = Base; path = Base.lproj/Main.storyboard; sourceTree = "<group>"; };
		D91FC239EE68CD35917633F0 /* Assets.xcassets */ = {isa = PBXFileReference; lastKnownFileType = folder.assetcatalog; path = Assets.xcassets; sourceTree = "<group>"; };
		D91FC264619A0D27093887F8 /* iOS_ScienceCore.app */ = {isa = PBXFileReference; explicitFileType = wrapper.application; includeInIndex = 0; path = iOS_ScienceCore.app; sourceTree = BUILT_PRODUCTS_DIR; };
		D91FC783D917761850550B66 /* Info.plist */ = {isa = PBXFileReference; lastKnownFileType = text.plist.info; path = Info.plist; sourceTree = "<group>"; };
		D91FCCE0C3F3699564C1E2DF /* Base */ = {isa = PBXFileReference; lastKnownFileType = file.storyboard; name = Base; path = Base.lproj/LaunchScreen.storyboard; sourceTree = "<group>"; };
		D91FCDB88B36119C9E1D1892 /* ViewController.swift */ = {isa = PBXFileReference; lastKnownFileType = sourcecode.swift; path = ViewController.swift; sourceTree = "<group>"; };
		D91FCE553CE7385C2D85BBC7 /* AppDelegate.swift */ = {isa = PBXFileReference; lastKnownFileType = sourcecode.swift; path = AppDelegate.swift; sourceTree = "<group>"; };
		D91FCFF37BD6ADD77E409424 /* SceneDelegate.swift */ = {isa = PBXFileReference; lastKnownFileType = sourcecode.swift; path = SceneDelegate.swift; sourceTree = "<group>"; };
		E2D75F2C911713529165FCE0 /* Pods_iOS_ScienceCore.framework */ = {isa = PBXFileReference; explicitFileType = wrapper.framework; includeInIndex = 0; path = Pods_iOS_ScienceCore.framework; sourceTree = BUILT_PRODUCTS_DIR; };
/* End PBXFileReference section */

/* Begin PBXFrameworksBuildPhase section */
		D91FC1C111C38E09EBF2189E /* Frameworks */ = {
			isa = PBXFrameworksBuildPhase;
			buildActionMask = 2147483647;
			files = (
				C095C6C525B1C2C9FC7A3052 /* Pods_iOS_ScienceCore.framework in Frameworks */,
			);
			runOnlyForDeploymentPostprocessing = 0;
		};
/* End PBXFrameworksBuildPhase section */

/* Begin PBXGroup section */
		C34E6F722571C30A00FCB6B3 /* Helpers */ = {
			isa = PBXGroup;
			children = (
				C34E6F982573215F00FCB6B3 /* train_filtered.csv */,
				C34E6F732571C31C00FCB6B3 /* FirebaseRef.swift */,
				C34E6F762571C5BC00FCB6B3 /* UserParser.swift */,
				C34E6F802571CF5200FCB6B3 /* Sample.swift */,
			);
			path = Helpers;
			sourceTree = "<group>";
		};
		C3D4D6F425715D6B0025C9FF /* Models */ = {
			isa = PBXGroup;
			children = (
				C3D4D6F525715D890025C9FF /* UsersModel.swift */,
				C3D4D6F825715DAA0025C9FF /* User.swift */,
				C34E6F6F2571B55C00FCB6B3 /* Project.swift */,
				C34E6F792571CEB600FCB6B3 /* ProfileModel.swift */,
				C34E6F8E25728EC900FCB6B3 /* CreationModel.swift */,
				C34E6F952572E50000FCB6B3 /* AbstractModel.swift */,
			);
			path = Models;
			sourceTree = "<group>";
		};
		D91FC44B7A8D003E06738DCD /* Products */ = {
			isa = PBXGroup;
			children = (
				D91FC264619A0D27093887F8 /* iOS_ScienceCore.app */,
			);
			name = Products;
			sourceTree = "<group>";
		};
		D91FCACCBFE8A05689095444 = {
			isa = PBXGroup;
			children = (
				D91FC44B7A8D003E06738DCD /* Products */,
				D91FCCB788CDB336D0EE0EAC /* iOS_ScienceCore */,
				DD6B0D007514992E092B8EC1 /* Pods */,
				EAD06DB6F1F26BC9B814FD5C /* Frameworks */,
			);
			sourceTree = "<group>";
		};
		D91FCCB788CDB336D0EE0EAC /* iOS_ScienceCore */ = {
			isa = PBXGroup;
			children = (
				C34E6F722571C30A00FCB6B3 /* Helpers */,
				C3D4D6FB2571B2000025C9FF /* GoogleService-Info.plist */,
				C3D4D6F425715D6B0025C9FF /* Models */,
				D91FC783D917761850550B66 /* Info.plist */,
				D91FC239EE68CD35917633F0 /* Assets.xcassets */,
				D91FCE553CE7385C2D85BBC7 /* AppDelegate.swift */,
				D91FC4FFE38F9CC763A4F2CD /* LaunchScreen.storyboard */,
				D91FCFF37BD6ADD77E409424 /* SceneDelegate.swift */,
				D91FCDB88B36119C9E1D1892 /* ViewController.swift */,
				D91FC42BFFA74BAA4AE12B9F /* Main.storyboard */,
				C34E6F832572023900FCB6B3 /* UsersCollectionViewCell.swift */,
				C3D4D6E4257154D00025C9FF /* ProjectViewController.swift */,
				C3D4D6E7257155340025C9FF /* EventsViewController.swift */,
				C3D4D6EA257155AD0025C9FF /* CreationViewController.swift */,
				C3D4D6ED257155E50025C9FF /* UsersViewController.swift */,
				C3D4D6F0257156200025C9FF /* ProfileViewController.swift */,
				C34E6F922572D35A00FCB6B3 /* AbstractViewController.swift */,
			);
			path = iOS_ScienceCore;
			sourceTree = "<group>";
		};
		DD6B0D007514992E092B8EC1 /* Pods */ = {
			isa = PBXGroup;
			children = (
				35477F91AC48D13F676E9A5C /* Pods-iOS_ScienceCore.debug.xcconfig */,
				B49A58ABCFC1DD739693B738 /* Pods-iOS_ScienceCore.release.xcconfig */,
			);
			path = Pods;
			sourceTree = "<group>";
		};
		EAD06DB6F1F26BC9B814FD5C /* Frameworks */ = {
			isa = PBXGroup;
			children = (
				E2D75F2C911713529165FCE0 /* Pods_iOS_ScienceCore.framework */,
			);
			name = Frameworks;
			sourceTree = "<group>";
		};
/* End PBXGroup section */

/* Begin PBXNativeTarget section */
		D91FC1C645CF82B9A6B36C5D /* iOS_ScienceCore */ = {
			isa = PBXNativeTarget;
			buildConfigurationList = D91FC8F0985F009BB0788D5B /* Build configuration list for PBXNativeTarget "iOS_ScienceCore" */;
			buildPhases = (
				3A24A75C7469AAE48BD32557 /* [CP] Check Pods Manifest.lock */,
				D91FC0C880A57C0E6DA0ACD1 /* Sources */,
				D91FC1C111C38E09EBF2189E /* Frameworks */,
				D91FCD96019DE2E51E320FF4 /* Resources */,
				893C18710E1DA21BF74D55E8 /* [CP] Embed Pods Frameworks */,
			);
			buildRules = (
			);
			dependencies = (
			);
			name = iOS_ScienceCore;
			productName = iOS_ScienceCore;
			productReference = D91FC264619A0D27093887F8 /* iOS_ScienceCore.app */;
			productType = "com.apple.product-type.application";
		};
/* End PBXNativeTarget section */

/* Begin PBXProject section */
		D91FC13F967957731E760E09 /* Project object */ = {
			isa = PBXProject;
			attributes = {
			};
			buildConfigurationList = D91FCAC68888E3DB8BFB0A3F /* Build configuration list for PBXProject "iOS_ScienceCore" */;
			compatibilityVersion = "Xcode 3.2";
			developmentRegion = English;
			hasScannedForEncodings = 0;
			knownRegions = (
				English,
				en,
				Base,
			);
			mainGroup = D91FCACCBFE8A05689095444;
			productRefGroup = D91FC44B7A8D003E06738DCD /* Products */;
			projectDirPath = "";
			projectRoot = "";
			targets = (
				D91FC1C645CF82B9A6B36C5D /* iOS_ScienceCore */,
			);
		};
/* End PBXProject section */

/* Begin PBXResourcesBuildPhase section */
		D91FCD96019DE2E51E320FF4 /* Resources */ = {
			isa = PBXResourcesBuildPhase;
			buildActionMask = 2147483647;
			files = (
				D91FC12C837AA4296C05214B /* Assets.xcassets in Resources */,
				C3D4D6FC2571B2000025C9FF /* GoogleService-Info.plist in Resources */,
				D91FC8D757AA2CDA357B9556 /* LaunchScreen.storyboard in Resources */,
				D91FCB7F2638341EEE136F85 /* Main.storyboard in Resources */,
				C34E6F992573215F00FCB6B3 /* train_filtered.csv in Resources */,
			);
			runOnlyForDeploymentPostprocessing = 0;
		};
/* End PBXResourcesBuildPhase section */

/* Begin PBXShellScriptBuildPhase section */
		3A24A75C7469AAE48BD32557 /* [CP] Check Pods Manifest.lock */ = {
			isa = PBXShellScriptBuildPhase;
			buildActionMask = 2147483647;
			files = (
			);
			inputFileListPaths = (
			);
			inputPaths = (
				"${PODS_PODFILE_DIR_PATH}/Podfile.lock",
				"${PODS_ROOT}/Manifest.lock",
			);
			name = "[CP] Check Pods Manifest.lock";
			outputFileListPaths = (
			);
			outputPaths = (
				"$(DERIVED_FILE_DIR)/Pods-iOS_ScienceCore-checkManifestLockResult.txt",
			);
			runOnlyForDeploymentPostprocessing = 0;
			shellPath = /bin/sh;
			shellScript = "diff \"${PODS_PODFILE_DIR_PATH}/Podfile.lock\" \"${PODS_ROOT}/Manifest.lock\" > /dev/null\nif [ $? != 0 ] ; then\n    # print error to STDERR\n    echo \"error: The sandbox is not in sync with the Podfile.lock. Run 'pod install' or update your CocoaPods installation.\" >&2\n    exit 1\nfi\n# This output is used by Xcode 'outputs' to avoid re-running this script phase.\necho \"SUCCESS\" > \"${SCRIPT_OUTPUT_FILE_0}\"\n";
			showEnvVarsInLog = 0;
		};
		893C18710E1DA21BF74D55E8 /* [CP] Embed Pods Frameworks */ = {
			isa = PBXShellScriptBuildPhase;
			buildActionMask = 2147483647;
			files = (
			);
			inputPaths = (
				"${PODS_ROOT}/Target Support Files/Pods-iOS_ScienceCore/Pods-iOS_ScienceCore-frameworks.sh",
				"${BUILT_PRODUCTS_DIR}/FirebaseAuth/FirebaseAuth.framework",
				"${BUILT_PRODUCTS_DIR}/FirebaseCore/FirebaseCore.framework",
				"${BUILT_PRODUCTS_DIR}/FirebaseCoreDiagnostics/FirebaseCoreDiagnostics.framework",
				"${BUILT_PRODUCTS_DIR}/FirebaseDatabase/FirebaseDatabase.framework",
				"${BUILT_PRODUCTS_DIR}/GTMSessionFetcher/GTMSessionFetcher.framework",
				"${BUILT_PRODUCTS_DIR}/GoogleDataTransport/GoogleDataTransport.framework",
				"${BUILT_PRODUCTS_DIR}/GoogleUtilities/GoogleUtilities.framework",
				"${BUILT_PRODUCTS_DIR}/PromisesObjC/FBLPromises.framework",
				"${BUILT_PRODUCTS_DIR}/leveldb-library/leveldb.framework",
				"${BUILT_PRODUCTS_DIR}/nanopb/nanopb.framework",
			);
			name = "[CP] Embed Pods Frameworks";
			outputPaths = (
				"${TARGET_BUILD_DIR}/${FRAMEWORKS_FOLDER_PATH}/FirebaseAuth.framework",
				"${TARGET_BUILD_DIR}/${FRAMEWORKS_FOLDER_PATH}/FirebaseCore.framework",
				"${TARGET_BUILD_DIR}/${FRAMEWORKS_FOLDER_PATH}/FirebaseCoreDiagnostics.framework",
				"${TARGET_BUILD_DIR}/${FRAMEWORKS_FOLDER_PATH}/FirebaseDatabase.framework",
				"${TARGET_BUILD_DIR}/${FRAMEWORKS_FOLDER_PATH}/GTMSessionFetcher.framework",
				"${TARGET_BUILD_DIR}/${FRAMEWORKS_FOLDER_PATH}/GoogleDataTransport.framework",
				"${TARGET_BUILD_DIR}/${FRAMEWORKS_FOLDER_PATH}/GoogleUtilities.framework",
				"${TARGET_BUILD_DIR}/${FRAMEWORKS_FOLDER_PATH}/FBLPromises.framework",
				"${TARGET_BUILD_DIR}/${FRAMEWORKS_FOLDER_PATH}/leveldb.framework",
				"${TARGET_BUILD_DIR}/${FRAMEWORKS_FOLDER_PATH}/nanopb.framework",
			);
			runOnlyForDeploymentPostprocessing = 0;
			shellPath = /bin/sh;
			shellScript = "\"${PODS_ROOT}/Target Support Files/Pods-iOS_ScienceCore/Pods-iOS_ScienceCore-frameworks.sh\"\n";
			showEnvVarsInLog = 0;
		};
/* End PBXShellScriptBuildPhase section */

/* Begin PBXSourcesBuildPhase section */
		D91FC0C880A57C0E6DA0ACD1 /* Sources */ = {
			isa = PBXSourcesBuildPhase;
			buildActionMask = 2147483647;
			files = (
				C3D4D6E5257154D00025C9FF /* ProjectViewController.swift in Sources */,
				C34E6F842572023900FCB6B3 /* UsersCollectionViewCell.swift in Sources */,
				C34E6F7A2571CEB600FCB6B3 /* ProfileModel.swift in Sources */,
				C3D4D6F625715D890025C9FF /* UsersModel.swift in Sources */,
				D91FC1A631803EE4707C2434 /* AppDelegate.swift in Sources */,
				C34E6F772571C5BC00FCB6B3 /* UserParser.swift in Sources */,
				C34E6F962572E50000FCB6B3 /* AbstractModel.swift in Sources */,
				D91FCF052653B55400EC7CB9 /* SceneDelegate.swift in Sources */,
				C3D4D6EE257155E50025C9FF /* UsersViewController.swift in Sources */,
				D91FC49BCB7F9B4157794810 /* ViewController.swift in Sources */,
				C34E6F742571C31C00FCB6B3 /* FirebaseRef.swift in Sources */,
				C3D4D6E8257155340025C9FF /* EventsViewController.swift in Sources */,
				C34E6F812571CF5200FCB6B3 /* Sample.swift in Sources */,
				C34E6F702571B55C00FCB6B3 /* Project.swift in Sources */,
				C3D4D6F1257156200025C9FF /* ProfileViewController.swift in Sources */,
				C3D4D6F925715DAA0025C9FF /* User.swift in Sources */,
				C34E6F8F25728EC900FCB6B3 /* CreationModel.swift in Sources */,
				C34E6F932572D35A00FCB6B3 /* AbstractViewController.swift in Sources */,
				C3D4D6EB257155AD0025C9FF /* CreationViewController.swift in Sources */,
			);
			runOnlyForDeploymentPostprocessing = 0;
		};
/* End PBXSourcesBuildPhase section */

/* Begin PBXVariantGroup section */
		D91FC42BFFA74BAA4AE12B9F /* Main.storyboard */ = {
			isa = PBXVariantGroup;
			children = (
				D91FC11530705A31AD0A02F7 /* Base */,
			);
			name = Main.storyboard;
			sourceTree = "<group>";
		};
		D91FC4FFE38F9CC763A4F2CD /* LaunchScreen.storyboard */ = {
			isa = PBXVariantGroup;
			children = (
				D91FCCE0C3F3699564C1E2DF /* Base */,
			);
			name = LaunchScreen.storyboard;
			sourceTree = "<group>";
		};
/* End PBXVariantGroup section */

/* Begin XCBuildConfiguration section */
		D91FC1F850EDDBBF8E58A468 /* Release */ = {
			isa = XCBuildConfiguration;
			baseConfigurationReference = B49A58ABCFC1DD739693B738 /* Pods-iOS_ScienceCore.release.xcconfig */;
			buildSettings = {
				ASSETCATALOG_COMPILER_APPICON_NAME = AppIcon;
				ASSETCATALOG_COMPILER_GLOBAL_ACCENT_COLOR_NAME = AccentColor;
				INFOPLIST_FILE = iOS_ScienceCore/Info.plist;
				LD_RUNPATH_SEARCH_PATHS = "$(inherited) @executable_path/Frameworks";
				PRODUCT_BUNDLE_IDENTIFIER = "nick.iOS-ScienceCore";
				PRODUCT_NAME = "$(TARGET_NAME)";
				SWIFT_VERSION = 5.0;
				TARGETED_DEVICE_FAMILY = 1;
			};
			name = Release;
		};
		D91FC6EED0B5C2D5E8539E8E /* Release */ = {
			isa = XCBuildConfiguration;
			buildSettings = {
				ALWAYS_SEARCH_USER_PATHS = NO;
				CLANG_ANALYZER_NONNULL = YES;
				CLANG_ANALYZER_NUMBER_OBJECT_CONVERSION = YES_AGGRESSIVE;
				CLANG_CXX_LANGUAGE_STANDARD = "gnu++14";
				CLANG_CXX_LIBRARY = "libc++";
				CLANG_ENABLE_MODULES = YES;
				CLANG_ENABLE_OBJC_ARC = YES;
				CLANG_ENABLE_OBJC_WEAK = YES;
				CLANG_WARN_BLOCK_CAPTURE_AUTORELEASING = YES;
				CLANG_WARN_BOOL_CONVERSION = YES;
				CLANG_WARN_COMMA = YES;
				CLANG_WARN_CONSTANT_CONVERSION = YES;
				CLANG_WARN_DEPRECATED_OBJC_IMPLEMENTATIONS = YES;
				CLANG_WARN_DIRECT_OBJC_ISA_USAGE = YES_ERROR;
				CLANG_WARN_DOCUMENTATION_COMMENTS = YES;
				CLANG_WARN_EMPTY_BODY = YES;
				CLANG_WARN_ENUM_CONVERSION = YES;
				CLANG_WARN_INFINITE_RECURSION = YES;
				CLANG_WARN_INT_CONVERSION = YES;
				CLANG_WARN_NON_LITERAL_NULL_CONVERSION = YES;
				CLANG_WARN_OBJC_IMPLICIT_RETAIN_SELF = YES;
				CLANG_WARN_OBJC_LITERAL_CONVERSION = YES;
				CLANG_WARN_OBJC_ROOT_CLASS = YES_ERROR;
				CLANG_WARN_QUOTED_INCLUDE_IN_FRAMEWORK_HEADER = YES;
				CLANG_WARN_RANGE_LOOP_ANALYSIS = YES;
				CLANG_WARN_STRICT_PROTOTYPES = YES;
				CLANG_WARN_SUSPICIOUS_MOVE = YES;
				CLANG_WARN_UNGUARDED_AVAILABILITY = YES_AGGRESSIVE;
				CLANG_WARN_UNREACHABLE_CODE = YES;
				CLANG_WARN__DUPLICATE_METHOD_MATCH = YES;
				COPY_PHASE_STRIP = NO;
				DEBUG_INFORMATION_FORMAT = "dwarf-with-dsym";
				ENABLE_NS_ASSERTIONS = NO;
				ENABLE_STRICT_OBJC_MSGSEND = YES;
				GCC_C_LANGUAGE_STANDARD = gnu11;
				GCC_NO_COMMON_BLOCKS = YES;
				GCC_WARN_64_TO_32_BIT_CONVERSION = YES;
				GCC_WARN_ABOUT_RETURN_TYPE = YES_ERROR;
				GCC_WARN_UNDECLARED_SELECTOR = YES;
				GCC_WARN_UNINITIALIZED_AUTOS = YES_AGGRESSIVE;
				GCC_WARN_UNUSED_FUNCTION = YES;
				GCC_WARN_UNUSED_VARIABLE = YES;
				IPHONEOS_DEPLOYMENT_TARGET = 14.2;
				MTL_ENABLE_DEBUG_INFO = NO;
				MTL_FAST_MATH = YES;
				SDKROOT = iphoneos;
				SWIFT_OPTIMIZATION_LEVEL = "-Owholemodule";
				VALIDATE_PRODUCT = YES;
			};
			name = Release;
		};
		D91FC82D65463CE149D74BB4 /* Debug */ = {
			isa = XCBuildConfiguration;
			buildSettings = {
				ALWAYS_SEARCH_USER_PATHS = NO;
				CLANG_ANALYZER_NONNULL = YES;
				CLANG_ANALYZER_NUMBER_OBJECT_CONVERSION = YES_AGGRESSIVE;
				CLANG_CXX_LANGUAGE_STANDARD = "gnu++14";
				CLANG_CXX_LIBRARY = "libc++";
				CLANG_ENABLE_MODULES = YES;
				CLANG_ENABLE_OBJC_ARC = YES;
				CLANG_ENABLE_OBJC_WEAK = YES;
				CLANG_WARN_BLOCK_CAPTURE_AUTORELEASING = YES;
				CLANG_WARN_BOOL_CONVERSION = YES;
				CLANG_WARN_COMMA = YES;
				CLANG_WARN_CONSTANT_CONVERSION = YES;
				CLANG_WARN_DEPRECATED_OBJC_IMPLEMENTATIONS = YES;
				CLANG_WARN_DIRECT_OBJC_ISA_USAGE = YES_ERROR;
				CLANG_WARN_DOCUMENTATION_COMMENTS = YES;
				CLANG_WARN_EMPTY_BODY = YES;
				CLANG_WARN_ENUM_CONVERSION = YES;
				CLANG_WARN_INFINITE_RECURSION = YES;
				CLANG_WARN_INT_CONVERSION = YES;
				CLANG_WARN_NON_LITERAL_NULL_CONVERSION = YES;
				CLANG_WARN_OBJC_IMPLICIT_RETAIN_SELF = YES;
				CLANG_WARN_OBJC_LITERAL_CONVERSION = YES;
				CLANG_WARN_OBJC_ROOT_CLASS = YES_ERROR;
				CLANG_WARN_QUOTED_INCLUDE_IN_FRAMEWORK_HEADER = YES;
				CLANG_WARN_RANGE_LOOP_ANALYSIS = YES;
				CLANG_WARN_STRICT_PROTOTYPES = YES;
				CLANG_WARN_SUSPICIOUS_MOVE = YES;
				CLANG_WARN_UNGUARDED_AVAILABILITY = YES_AGGRESSIVE;
				CLANG_WARN_UNREACHABLE_CODE = YES;
				CLANG_WARN__DUPLICATE_METHOD_MATCH = YES;
				COPY_PHASE_STRIP = NO;
				DEBUG_INFORMATION_FORMAT = dwarf;
				ENABLE_STRICT_OBJC_MSGSEND = YES;
				ENABLE_TESTABILITY = YES;
				GCC_C_LANGUAGE_STANDARD = gnu11;
				GCC_DYNAMIC_NO_PIC = NO;
				GCC_NO_COMMON_BLOCKS = YES;
				GCC_OPTIMIZATION_LEVEL = 0;
				GCC_PREPROCESSOR_DEFINITIONS = (
					"DEBUG=1",
					"$(inherited)",
				);
				GCC_WARN_64_TO_32_BIT_CONVERSION = YES;
				GCC_WARN_ABOUT_RETURN_TYPE = YES_ERROR;
				GCC_WARN_UNDECLARED_SELECTOR = YES;
				GCC_WARN_UNINITIALIZED_AUTOS = YES_AGGRESSIVE;
				GCC_WARN_UNUSED_FUNCTION = YES;
				GCC_WARN_UNUSED_VARIABLE = YES;
				IPHONEOS_DEPLOYMENT_TARGET = 14.2;
				MTL_ENABLE_DEBUG_INFO = INCLUDE_SOURCE;
				MTL_FAST_MATH = YES;
				ONLY_ACTIVE_ARCH = YES;
				SDKROOT = iphoneos;
				SWIFT_ACTIVE_COMPILATION_CONDITIONS = DEBUG;
				SWIFT_OPTIMIZATION_LEVEL = "-Onone";
			};
			name = Debug;
		};
		D91FCE1DF612EE18D268E5FC /* Debug */ = {
			isa = XCBuildConfiguration;
			baseConfigurationReference = 35477F91AC48D13F676E9A5C /* Pods-iOS_ScienceCore.debug.xcconfig */;
			buildSettings = {
				ASSETCATALOG_COMPILER_APPICON_NAME = AppIcon;
				ASSETCATALOG_COMPILER_GLOBAL_ACCENT_COLOR_NAME = AccentColor;
				INFOPLIST_FILE = iOS_ScienceCore/Info.plist;
				LD_RUNPATH_SEARCH_PATHS = "$(inherited) @executable_path/Frameworks";
				PRODUCT_BUNDLE_IDENTIFIER = "nick.iOS-ScienceCore";
				PRODUCT_NAME = "$(TARGET_NAME)";
				SWIFT_VERSION = 5.0;
				TARGETED_DEVICE_FAMILY = 1;
			};
			name = Debug;
		};
/* End XCBuildConfiguration section */

/* Begin XCConfigurationList section */
		D91FC8F0985F009BB0788D5B /* Build configuration list for PBXNativeTarget "iOS_ScienceCore" */ = {
			isa = XCConfigurationList;
			buildConfigurations = (
				D91FCE1DF612EE18D268E5FC /* Debug */,
				D91FC1F850EDDBBF8E58A468 /* Release */,
			);
			defaultConfigurationIsVisible = 0;
			defaultConfigurationName = Release;
		};
		D91FCAC68888E3DB8BFB0A3F /* Build configuration list for PBXProject "iOS_ScienceCore" */ = {
			isa = XCConfigurationList;
			buildConfigurations = (
				D91FC82D65463CE149D74BB4 /* Debug */,
				D91FC6EED0B5C2D5E8539E8E /* Release */,
			);
			defaultConfigurationIsVisible = 0;
			defaultConfigurationName = Release;
		};
/* End XCConfigurationList section */
	};
	rootObject = D91FC13F967957731E760E09 /* Project object */;
}
